
Microsoft Visual Studio Solution File, Format Version 12.00
# Visual Studio Version 17
VisualStudioVersion = 17.10.35027.167
MinimumVisualStudioVersion = 10.0.40219.1
Project("{9A19103F-16F7-4668-BE54-9A1E7A4F7556}") = "SyncfusionWpfApp1", "SyncfusionWpfApp1\SyncfusionWpfApp1.csproj", "{E4543187-D019-4990-A678-13F592681E05}"
EndProject
Global
	GlobalSection(SolutionConfigurationPlatforms) = preSolution
		Debug|Any CPU = Debug|Any CPU
		Release|Any CPU = Release|Any CPU
	EndGlobalSection
	GlobalSection(ProjectConfigurationPlatforms) = postSolution
		{E4543187-D019-4990-A678-13F592681E05}.Debug|Any CPU.ActiveCfg = Debug|Any CPU
		{E4543187-D019-4990-A678-13F592681E05}.Debug|Any CPU.Build.0 = Debug|Any CPU
		{E4543187-D019-4990-A678-13F592681E05}.Release|Any CPU.ActiveCfg = Release|Any CPU
		{E4543187-D019-4990-A678-13F592681E05}.Release|Any CPU.Build.0 = Release|Any CPU
	EndGlobalSection
	GlobalSection(SolutionProperties) = preSolution
		HideSolutionNode = FALSE
	EndGlobalSection
	GlobalSection(ExtensibilityGlobals) = postSolution
		SolutionGuid = {C7B3CAD2-B668-4771-9DED-D751C8B110C7}
	EndGlobalSection
EndGlobal
